
Microsoft Visual Studio Solution File, Format Version 12.00
# Visual Studio Version 16
VisualStudioVersion = 16.0.28407.52
MinimumVisualStudioVersion = 10.0.40219.1
Project("{FAE04EC0-301F-11D3-BF4B-00C04F79EFBC}") = "FindMyGames", "FindMyGames\FindMyGames.csproj", "{DE02DEC6-B4F0-4DF8-89A1-DC6B1546EB5A}"
EndProject
Project("{9A19103F-16F7-4668-BE54-9A1E7A4F7556}") = "GameMetadata.Net", "GameMetadata.NET\GameMetadata.Net.csproj", "{36B6FA69-B18C-4503-8D70-56812B4FC4F7}"
EndProject
Project("{2150E333-8FDC-42A3-9474-1A3956D46DE8}") = "Apis", "Apis", "{EDDCB4A1-F990-4611-86A0-B93357C2E21B}"
EndProject
Project("{9A19103F-16F7-4668-BE54-9A1E7A4F7556}") = "GameMetadata.Net.Tests", "GameMetadata.Net.Tests\GameMetadata.Net.Tests.csproj", "{7D4FF12A-9BE9-4264-ACF3-39D4A3F34D9C}"
EndProject
Project("{2150E333-8FDC-42A3-9474-1A3956D46DE8}") = "GameScanner", "GameScanner", "{B460F803-DAC2-47A8-830C-391A9E396DD2}"
EndProject
Project("{9A19103F-16F7-4668-BE54-9A1E7A4F7556}") = "GameScanner", "GameScanner\GameScanner.csproj", "{D5304624-D060-4000-8E6B-E144FE35DD91}"
EndProject
Project("{9A19103F-16F7-4668-BE54-9A1E7A4F7556}") = "GameScanner.Tests", "GameScanner.Tests\GameScanner.Tests.csproj", "{ACD68E83-33FE-4CD2-98AD-80BB691AC103}"
EndProject
Project("{2150E333-8FDC-42A3-9474-1A3956D46DE8}") = "ExternalDLLs", "ExternalDLLs", "{79F76F1E-DBCB-4C9F-A207-C33E60B36602}"
EndProject
Global
	GlobalSection(SolutionConfigurationPlatforms) = preSolution
		Debug|Any CPU = Debug|Any CPU
		Release|Any CPU = Release|Any CPU
	EndGlobalSection
	GlobalSection(ProjectConfigurationPlatforms) = postSolution
		{DE02DEC6-B4F0-4DF8-89A1-DC6B1546EB5A}.Debug|Any CPU.ActiveCfg = Debug|Any CPU
		{DE02DEC6-B4F0-4DF8-89A1-DC6B1546EB5A}.Debug|Any CPU.Build.0 = Debug|Any CPU
		{DE02DEC6-B4F0-4DF8-89A1-DC6B1546EB5A}.Release|Any CPU.ActiveCfg = Release|Any CPU
		{DE02DEC6-B4F0-4DF8-89A1-DC6B1546EB5A}.Release|Any CPU.Build.0 = Release|Any CPU
		{36B6FA69-B18C-4503-8D70-56812B4FC4F7}.Debug|Any CPU.ActiveCfg = Debug|Any CPU
		{36B6FA69-B18C-4503-8D70-56812B4FC4F7}.Debug|Any CPU.Build.0 = Debug|Any CPU
		{36B6FA69-B18C-4503-8D70-56812B4FC4F7}.Release|Any CPU.ActiveCfg = Release|Any CPU
		{36B6FA69-B18C-4503-8D70-56812B4FC4F7}.Release|Any CPU.Build.0 = Release|Any CPU
		{7D4FF12A-9BE9-4264-ACF3-39D4A3F34D9C}.Debug|Any CPU.ActiveCfg = Debug|Any CPU
		{7D4FF12A-9BE9-4264-ACF3-39D4A3F34D9C}.Debug|Any CPU.Build.0 = Debug|Any CPU
		{7D4FF12A-9BE9-4264-ACF3-39D4A3F34D9C}.Release|Any CPU.ActiveCfg = Release|Any CPU
		{7D4FF12A-9BE9-4264-ACF3-39D4A3F34D9C}.Release|Any CPU.Build.0 = Release|Any CPU
		{D5304624-D060-4000-8E6B-E144FE35DD91}.Debug|Any CPU.ActiveCfg = Debug|Any CPU
		{D5304624-D060-4000-8E6B-E144FE35DD91}.Debug|Any CPU.Build.0 = Debug|Any CPU
		{D5304624-D060-4000-8E6B-E144FE35DD91}.Release|Any CPU.ActiveCfg = Release|Any CPU
		{D5304624-D060-4000-8E6B-E144FE35DD91}.Release|Any CPU.Build.0 = Release|Any CPU
		{ACD68E83-33FE-4CD2-98AD-80BB691AC103}.Debug|Any CPU.ActiveCfg = Debug|Any CPU
		{ACD68E83-33FE-4CD2-98AD-80BB691AC103}.Debug|Any CPU.Build.0 = Debug|Any CPU
		{ACD68E83-33FE-4CD2-98AD-80BB691AC103}.Release|Any CPU.ActiveCfg = Release|Any CPU
		{ACD68E83-33FE-4CD2-98AD-80BB691AC103}.Release|Any CPU.Build.0 = Release|Any CPU
	EndGlobalSection
	GlobalSection(SolutionProperties) = preSolution
		HideSolutionNode = FALSE
	EndGlobalSection
	GlobalSection(NestedProjects) = preSolution
		{36B6FA69-B18C-4503-8D70-56812B4FC4F7} = {EDDCB4A1-F990-4611-86A0-B93357C2E21B}
		{7D4FF12A-9BE9-4264-ACF3-39D4A3F34D9C} = {EDDCB4A1-F990-4611-86A0-B93357C2E21B}
		{D5304624-D060-4000-8E6B-E144FE35DD91} = {B460F803-DAC2-47A8-830C-391A9E396DD2}
		{ACD68E83-33FE-4CD2-98AD-80BB691AC103} = {B460F803-DAC2-47A8-830C-391A9E396DD2}
	EndGlobalSection
	GlobalSection(ExtensibilityGlobals) = postSolution
		SolutionGuid = {FD75B0DA-52B0-41DB-ADFC-AC3008E590CA}
	EndGlobalSection
EndGlobal
